
Microsoft Visual Studio Solution File, Format Version 12.00
# Visual Studio Version 16
VisualStudioVersion = 16.0.30330.147
MinimumVisualStudioVersion = 10.0.40219.1
Project("{FAE04EC0-301F-11D3-BF4B-00C04F79EFBC}") = "SetParentMagnificationUiAccessTest", "SetParentMagnificationUiAccessTest\SetParentMagnificationUiAccessTest.csproj", "{A7540DD0-DD66-429A-9099-92FFD0A2FBD3}"
EndProject
Global
	GlobalSection(SolutionConfigurationPlatforms) = preSolution
		Debug|Any CPU = Debug|Any CPU
		Release|Any CPU = Release|Any CPU
	EndGlobalSection
	GlobalSection(ProjectConfigurationPlatforms) = postSolution
		{A7540DD0-DD66-429A-9099-92FFD0A2FBD3}.Debug|Any CPU.ActiveCfg = Debug|Any CPU
		{A7540DD0-DD66-429A-9099-92FFD0A2FBD3}.Debug|Any CPU.Build.0 = Debug|Any CPU
		{A7540DD0-DD66-429A-9099-92FFD0A2FBD3}.Release|Any CPU.ActiveCfg = Release|Any CPU
		{A7540DD0-DD66-429A-9099-92FFD0A2FBD3}.Release|Any CPU.Build.0 = Release|Any CPU
	EndGlobalSection
	GlobalSection(SolutionProperties) = preSolution
		HideSolutionNode = FALSE
	EndGlobalSection
	GlobalSection(ExtensibilityGlobals) = postSolution
		SolutionGuid = {51938B2C-1C27-44FB-8906-014EC3C859E6}
	EndGlobalSection
EndGlobal
